// !$*UTF8*$!
{
	archiveVersion = 1;
	classes = {
	};
	objectVersion = 46;
	objects = {

/* Begin PBXBuildFile section */
		22DFF518AEF4CC3C8EE9EED7 /* libPods-RNRoundedProgressBar.a in Frameworks */ = {isa = PBXBuildFile; fileRef = D99FC3CDCC3F0951D4A1D32D /* libPods-RNRoundedProgressBar.a */; };
		A12A944A238B47D000AFFB5E /* RNRoundedProgressBarManager.swift in Sources */ = {isa = PBXBuildFile; fileRef = A12A9449238B47D000AFFB5E /* RNRoundedProgressBarManager.swift */; };
		A12A944C238B487400AFFB5E /* RoundedProgressBar.swift in Sources */ = {isa = PBXBuildFile; fileRef = A12A944B238B487400AFFB5E /* RoundedProgressBar.swift */; };
		B3E7B58A1CC2AC0600A0062D /* RNRoundedProgressBar.m in Sources */ = {isa = PBXBuildFile; fileRef = B3E7B5891CC2AC0600A0062D /* RNRoundedProgressBar.m */; };
/* End PBXBuildFile section */

/* Begin PBXContainerItemProxy section */
		A12A9419238B3E7200AFFB5E /* PBXContainerItemProxy */ = {
			isa = PBXContainerItemProxy;
			containerPortal = A12A9408238B3E7200AFFB5E /* React.xcodeproj */;
			proxyType = 2;
			remoteGlobalIDString = 83CBBA2E1A601D0E00E9B192;
			remoteInfo = React;
		};
		A12A941B238B3E7200AFFB5E /* PBXContainerItemProxy */ = {
			isa = PBXContainerItemProxy;
			containerPortal = A12A9408238B3E7200AFFB5E /* React.xcodeproj */;
			proxyType = 2;
			remoteGlobalIDString = 2D2A28131D9B038B00D4039D;
			remoteInfo = "React-tvOS";
		};
		A12A941D238B3E7200AFFB5E /* PBXContainerItemProxy */ = {
			isa = PBXContainerItemProxy;
			containerPortal = A12A9408238B3E7200AFFB5E /* React.xcodeproj */;
			proxyType = 2;
			remoteGlobalIDString = 3D3C059A1DE3340900C268FA;
			remoteInfo = yoga;
		};
		A12A941F238B3E7200AFFB5E /* PBXContainerItemProxy */ = {
			isa = PBXContainerItemProxy;
			containerPortal = A12A9408238B3E7200AFFB5E /* React.xcodeproj */;
			proxyType = 2;
			remoteGlobalIDString = 3D3C06751DE3340C00C268FA;
			remoteInfo = "yoga-tvOS";
		};
		A12A9421238B3E7200AFFB5E /* PBXContainerItemProxy */ = {
			isa = PBXContainerItemProxy;
			containerPortal = A12A9408238B3E7200AFFB5E /* React.xcodeproj */;
			proxyType = 2;
			remoteGlobalIDString = 3D3CD9251DE5FBEC00167DC4;
			remoteInfo = cxxreact;
		};
		A12A9423238B3E7200AFFB5E /* PBXContainerItemProxy */ = {
			isa = PBXContainerItemProxy;
			containerPortal = A12A9408238B3E7200AFFB5E /* React.xcodeproj */;
			proxyType = 2;
			remoteGlobalIDString = 3D3CD9321DE5FBEE00167DC4;
			remoteInfo = "cxxreact-tvOS";
		};
		A12A9425238B3E7200AFFB5E /* PBXContainerItemProxy */ = {
			isa = PBXContainerItemProxy;
			containerPortal = A12A9408238B3E7200AFFB5E /* React.xcodeproj */;
			proxyType = 2;
			remoteGlobalIDString = 3D3CD90B1DE5FBD600167DC4;
			remoteInfo = jschelpers;
		};
		A12A9427238B3E7200AFFB5E /* PBXContainerItemProxy */ = {
			isa = PBXContainerItemProxy;
			containerPortal = A12A9408238B3E7200AFFB5E /* React.xcodeproj */;
			proxyType = 2;
			remoteGlobalIDString = 3D3CD9181DE5FBD800167DC4;
			remoteInfo = "jschelpers-tvOS";
		};
		A12A9429238B3E7200AFFB5E /* PBXContainerItemProxy */ = {
			isa = PBXContainerItemProxy;
			containerPortal = A12A9408238B3E7200AFFB5E /* React.xcodeproj */;
			proxyType = 2;
			remoteGlobalIDString = 139D7ECE1E25DB7D00323FB7;
			remoteInfo = "third-party";
		};
		A12A942B238B3E7200AFFB5E /* PBXContainerItemProxy */ = {
			isa = PBXContainerItemProxy;
			containerPortal = A12A9408238B3E7200AFFB5E /* React.xcodeproj */;
			proxyType = 2;
			remoteGlobalIDString = 3D383D3C1EBD27B6005632C8;
			remoteInfo = "third-party-tvOS";
		};
		A12A942D238B3E7200AFFB5E /* PBXContainerItemProxy */ = {
			isa = PBXContainerItemProxy;
			containerPortal = A12A9408238B3E7200AFFB5E /* React.xcodeproj */;
			proxyType = 2;
			remoteGlobalIDString = 139D7E881E25C6D100323FB7;
			remoteInfo = "double-conversion";
		};
		A12A942F238B3E7200AFFB5E /* PBXContainerItemProxy */ = {
			isa = PBXContainerItemProxy;
			containerPortal = A12A9408238B3E7200AFFB5E /* React.xcodeproj */;
			proxyType = 2;
			remoteGlobalIDString = 3D383D621EBD27B9005632C8;
			remoteInfo = "double-conversion-tvOS";
		};
		A12A9431238B3E7200AFFB5E /* PBXContainerItemProxy */ = {
			isa = PBXContainerItemProxy;
			containerPortal = A12A9408238B3E7200AFFB5E /* React.xcodeproj */;
			proxyType = 2;
			remoteGlobalIDString = 9936F3131F5F2E4B0010BF04;
			remoteInfo = privatedata;
		};
		A12A9433238B3E7200AFFB5E /* PBXContainerItemProxy */ = {
			isa = PBXContainerItemProxy;
			containerPortal = A12A9408238B3E7200AFFB5E /* React.xcodeproj */;
			proxyType = 2;
			remoteGlobalIDString = 9936F32F1F5F2E5B0010BF04;
			remoteInfo = "privatedata-tvOS";
		};
/* End PBXContainerItemProxy section */

/* Begin PBXCopyFilesBuildPhase section */
		58B511D91A9E6C8500147676 /* CopyFiles */ = {
			isa = PBXCopyFilesBuildPhase;
			buildActionMask = 2147483647;
			dstPath = "include/$(PRODUCT_NAME)";
			dstSubfolderSpec = 16;
			files = (
			);
			runOnlyForDeploymentPostprocessing = 0;
		};
/* End PBXCopyFilesBuildPhase section */

/* Begin PBXFileReference section */
		134814201AA4EA6300B7C361 /* libRNRoundedProgressBar.a */ = {isa = PBXFileReference; explicitFileType = archive.ar; includeInIndex = 0; path = libRNRoundedProgressBar.a; sourceTree = BUILT_PRODUCTS_DIR; };
		960D345ABD5CEC65BC482EAD /* Pods-RNRoundedProgressBar.debug.xcconfig */ = {isa = PBXFileReference; includeInIndex = 1; lastKnownFileType = text.xcconfig; name = "Pods-RNRoundedProgressBar.debug.xcconfig"; path = "Target Support Files/Pods-RNRoundedProgressBar/Pods-RNRoundedProgressBar.debug.xcconfig"; sourceTree = "<group>"; };
		A12A9408238B3E7200AFFB5E /* React.xcodeproj */ = {isa = PBXFileReference; lastKnownFileType = "wrapper.pb-project"; name = React.xcodeproj; path = "../node_modules/react-native/React/React.xcodeproj"; sourceTree = "<group>"; };
		A12A9448238B47D000AFFB5E /* RNRoundedProgressBar-Bridging-Header.h */ = {isa = PBXFileReference; lastKnownFileType = sourcecode.c.h; path = "RNRoundedProgressBar-Bridging-Header.h"; sourceTree = "<group>"; };
		A12A9449238B47D000AFFB5E /* RNRoundedProgressBarManager.swift */ = {isa = PBXFileReference; lastKnownFileType = sourcecode.swift; path = RNRoundedProgressBarManager.swift; sourceTree = "<group>"; };
		A12A944B238B487400AFFB5E /* RoundedProgressBar.swift */ = {isa = PBXFileReference; lastKnownFileType = sourcecode.swift; path = RoundedProgressBar.swift; sourceTree = "<group>"; };
		B3E7B5881CC2AC0600A0062D /* RNRoundedProgressBar.h */ = {isa = PBXFileReference; fileEncoding = 4; lastKnownFileType = sourcecode.c.h; path = RNRoundedProgressBar.h; sourceTree = "<group>"; };
		B3E7B5891CC2AC0600A0062D /* RNRoundedProgressBar.m */ = {isa = PBXFileReference; fileEncoding = 4; lastKnownFileType = sourcecode.c.objc; path = RNRoundedProgressBar.m; sourceTree = "<group>"; };
		C8E20B0412E680B2B03FF728 /* Pods-RNRoundedProgressBar.release.xcconfig */ = {isa = PBXFileReference; includeInIndex = 1; lastKnownFileType = text.xcconfig; name = "Pods-RNRoundedProgressBar.release.xcconfig"; path = "Target Support Files/Pods-RNRoundedProgressBar/Pods-RNRoundedProgressBar.release.xcconfig"; sourceTree = "<group>"; };
		D99FC3CDCC3F0951D4A1D32D /* libPods-RNRoundedProgressBar.a */ = {isa = PBXFileReference; explicitFileType = archive.ar; includeInIndex = 0; path = "libPods-RNRoundedProgressBar.a"; sourceTree = BUILT_PRODUCTS_DIR; };
/* End PBXFileReference section */

/* Begin PBXFrameworksBuildPhase section */
		58B511D81A9E6C8500147676 /* Frameworks */ = {
			isa = PBXFrameworksBuildPhase;
			buildActionMask = 2147483647;
			files = (
				22DFF518AEF4CC3C8EE9EED7 /* libPods-RNRoundedProgressBar.a in Frameworks */,
			);
			runOnlyForDeploymentPostprocessing = 0;
		};
/* End PBXFrameworksBuildPhase section */

/* Begin PBXGroup section */
		134814211AA4EA7D00B7C361 /* Products */ = {
			isa = PBXGroup;
			children = (
				134814201AA4EA6300B7C361 /* libRNRoundedProgressBar.a */,
			);
			name = Products;
			sourceTree = "<group>";
		};
		58B511D21A9E6C8500147676 = {
			isa = PBXGroup;
			children = (
				A12A944B238B487400AFFB5E /* RoundedProgressBar.swift */,
				A12A9449238B47D000AFFB5E /* RNRoundedProgressBarManager.swift */,
				B3E7B5881CC2AC0600A0062D /* RNRoundedProgressBar.h */,
				B3E7B5891CC2AC0600A0062D /* RNRoundedProgressBar.m */,
				A12A9448238B47D000AFFB5E /* RNRoundedProgressBar-Bridging-Header.h */,
				134814211AA4EA7D00B7C361 /* Products */,
				A12A9407238B3E7200AFFB5E /* Frameworks */,
				DFF14C818F7D4DFB7B9D4C20 /* Pods */,
			);
			sourceTree = "<group>";
		};
		A12A9407238B3E7200AFFB5E /* Frameworks */ = {
			isa = PBXGroup;
			children = (
				A12A9408238B3E7200AFFB5E /* React.xcodeproj */,
				D99FC3CDCC3F0951D4A1D32D /* libPods-RNRoundedProgressBar.a */,
			);
			name = Frameworks;
			sourceTree = "<group>";
		};
		A12A9409238B3E7200AFFB5E /* Products */ = {
			isa = PBXGroup;
			children = (
				A12A941A238B3E7200AFFB5E /* libReact.a */,
				A12A941C238B3E7200AFFB5E /* libReact.a */,
				A12A941E238B3E7200AFFB5E /* libyoga.a */,
				A12A9420238B3E7200AFFB5E /* libyoga.a */,
				A12A9422238B3E7200AFFB5E /* libcxxreact.a */,
				A12A9424238B3E7200AFFB5E /* libcxxreact.a */,
				A12A9426238B3E7200AFFB5E /* libjschelpers.a */,
				A12A9428238B3E7200AFFB5E /* libjschelpers.a */,
				A12A942A238B3E7200AFFB5E /* libthird-party.a */,
				A12A942C238B3E7200AFFB5E /* libthird-party.a */,
				A12A942E238B3E7200AFFB5E /* libdouble-conversion.a */,
				A12A9430238B3E7200AFFB5E /* libdouble-conversion.a */,
				A12A9432238B3E7200AFFB5E /* libprivatedata.a */,
				A12A9434238B3E7200AFFB5E /* libprivatedata-tvOS.a */,
			);
			name = Products;
			sourceTree = "<group>";
		};
		DFF14C818F7D4DFB7B9D4C20 /* Pods */ = {
			isa = PBXGroup;
			children = (
				960D345ABD5CEC65BC482EAD /* Pods-RNRoundedProgressBar.debug.xcconfig */,
				C8E20B0412E680B2B03FF728 /* Pods-RNRoundedProgressBar.release.xcconfig */,
			);
			path = Pods;
			sourceTree = "<group>";
		};
/* End PBXGroup section */

/* Begin PBXNativeTarget section */
		58B511DA1A9E6C8500147676 /* RNRoundedProgressBar */ = {
			isa = PBXNativeTarget;
			buildConfigurationList = 58B511EF1A9E6C8500147676 /* Build configuration list for PBXNativeTarget "RNRoundedProgressBar" */;
			buildPhases = (
				D2317ADB6227C89104D0B9BF /* [CP] Check Pods Manifest.lock */,
				58B511D71A9E6C8500147676 /* Sources */,
				58B511D81A9E6C8500147676 /* Frameworks */,
				58B511D91A9E6C8500147676 /* CopyFiles */,
			);
			buildRules = (
			);
			dependencies = (
			);
			name = RNRoundedProgressBar;
			productName = RCTDataManager;
			productReference = 134814201AA4EA6300B7C361 /* libRNRoundedProgressBar.a */;
			productType = "com.apple.product-type.library.static";
		};
/* End PBXNativeTarget section */

/* Begin PBXProject section */
		58B511D31A9E6C8500147676 /* Project object */ = {
			isa = PBXProject;
			attributes = {
				LastUpgradeCheck = 0830;
				ORGANIZATIONNAME = Facebook;
				TargetAttributes = {
					58B511DA1A9E6C8500147676 = {
						CreatedOnToolsVersion = 6.1.1;
						LastSwiftMigration = 1120;
					};
				};
			};
			buildConfigurationList = 58B511D61A9E6C8500147676 /* Build configuration list for PBXProject "RNRoundedProgressBar" */;
			compatibilityVersion = "Xcode 3.2";
			developmentRegion = English;
			hasScannedForEncodings = 0;
			knownRegions = (
				English,
				en,
			);
			mainGroup = 58B511D21A9E6C8500147676;
			productRefGroup = 58B511D21A9E6C8500147676;
			projectDirPath = "";
			projectReferences = (
				{
					ProductGroup = A12A9409238B3E7200AFFB5E /* Products */;
					ProjectRef = A12A9408238B3E7200AFFB5E /* React.xcodeproj */;
				},
			);
			projectRoot = "";
			targets = (
				58B511DA1A9E6C8500147676 /* RNRoundedProgressBar */,
			);
		};
/* End PBXProject section */

/* Begin PBXReferenceProxy section */
		A12A941A238B3E7200AFFB5E /* libReact.a */ = {
			isa = PBXReferenceProxy;
			fileType = archive.ar;
			path = libReact.a;
			remoteRef = A12A9419238B3E7200AFFB5E /* PBXContainerItemProxy */;
			sourceTree = BUILT_PRODUCTS_DIR;
		};
		A12A941C238B3E7200AFFB5E /* libReact.a */ = {
			isa = PBXReferenceProxy;
			fileType = archive.ar;
			path = libReact.a;
			remoteRef = A12A941B238B3E7200AFFB5E /* PBXContainerItemProxy */;
			sourceTree = BUILT_PRODUCTS_DIR;
		};
		A12A941E238B3E7200AFFB5E /* libyoga.a */ = {
			isa = PBXReferenceProxy;
			fileType = archive.ar;
			path = libyoga.a;
			remoteRef = A12A941D238B3E7200AFFB5E /* PBXContainerItemProxy */;
			sourceTree = BUILT_PRODUCTS_DIR;
		};
		A12A9420238B3E7200AFFB5E /* libyoga.a */ = {
			isa = PBXReferenceProxy;
			fileType = archive.ar;
			path = libyoga.a;
			remoteRef = A12A941F238B3E7200AFFB5E /* PBXContainerItemProxy */;
			sourceTree = BUILT_PRODUCTS_DIR;
		};
		A12A9422238B3E7200AFFB5E /* libcxxreact.a */ = {
			isa = PBXReferenceProxy;
			fileType = archive.ar;
			path = libcxxreact.a;
			remoteRef = A12A9421238B3E7200AFFB5E /* PBXContainerItemProxy */;
			sourceTree = BUILT_PRODUCTS_DIR;
		};
		A12A9424238B3E7200AFFB5E /* libcxxreact.a */ = {
			isa = PBXReferenceProxy;
			fileType = archive.ar;
			path = libcxxreact.a;
			remoteRef = A12A9423238B3E7200AFFB5E /* PBXContainerItemProxy */;
			sourceTree = BUILT_PRODUCTS_DIR;
		};
		A12A9426238B3E7200AFFB5E /* libjschelpers.a */ = {
			isa = PBXReferenceProxy;
			fileType = archive.ar;
			path = libjschelpers.a;
			remoteRef = A12A9425238B3E7200AFFB5E /* PBXContainerItemProxy */;
			sourceTree = BUILT_PRODUCTS_DIR;
		};
		A12A9428238B3E7200AFFB5E /* libjschelpers.a */ = {
			isa = PBXReferenceProxy;
			fileType = archive.ar;
			path = libjschelpers.a;
			remoteRef = A12A9427238B3E7200AFFB5E /* PBXContainerItemProxy */;
			sourceTree = BUILT_PRODUCTS_DIR;
		};
		A12A942A238B3E7200AFFB5E /* libthird-party.a */ = {
			isa = PBXReferenceProxy;
			fileType = archive.ar;
			path = "libthird-party.a";
			remoteRef = A12A9429238B3E7200AFFB5E /* PBXContainerItemProxy */;
			sourceTree = BUILT_PRODUCTS_DIR;
		};
		A12A942C238B3E7200AFFB5E /* libthird-party.a */ = {
			isa = PBXReferenceProxy;
			fileType = archive.ar;
			path = "libthird-party.a";
			remoteRef = A12A942B238B3E7200AFFB5E /* PBXContainerItemProxy */;
			sourceTree = BUILT_PRODUCTS_DIR;
		};
		A12A942E238B3E7200AFFB5E /* libdouble-conversion.a */ = {
			isa = PBXReferenceProxy;
			fileType = archive.ar;
			path = "libdouble-conversion.a";
			remoteRef = A12A942D238B3E7200AFFB5E /* PBXContainerItemProxy */;
			sourceTree = BUILT_PRODUCTS_DIR;
		};
		A12A9430238B3E7200AFFB5E /* libdouble-conversion.a */ = {
			isa = PBXReferenceProxy;
			fileType = archive.ar;
			path = "libdouble-conversion.a";
			remoteRef = A12A942F238B3E7200AFFB5E /* PBXContainerItemProxy */;
			sourceTree = BUILT_PRODUCTS_DIR;
		};
		A12A9432238B3E7200AFFB5E /* libprivatedata.a */ = {
			isa = PBXReferenceProxy;
			fileType = archive.ar;
			path = libprivatedata.a;
			remoteRef = A12A9431238B3E7200AFFB5E /* PBXContainerItemProxy */;
			sourceTree = BUILT_PRODUCTS_DIR;
		};
		A12A9434238B3E7200AFFB5E /* libprivatedata-tvOS.a */ = {
			isa = PBXReferenceProxy;
			fileType = archive.ar;
			path = "libprivatedata-tvOS.a";
			remoteRef = A12A9433238B3E7200AFFB5E /* PBXContainerItemProxy */;
			sourceTree = BUILT_PRODUCTS_DIR;
		};
/* End PBXReferenceProxy section */

/* Begin PBXShellScriptBuildPhase section */
		D2317ADB6227C89104D0B9BF /* [CP] Check Pods Manifest.lock */ = {
			isa = PBXShellScriptBuildPhase;
			buildActionMask = 2147483647;
			files = (
			);
			inputFileListPaths = (
			);
			inputPaths = (
				"${PODS_PODFILE_DIR_PATH}/Podfile.lock",
				"${PODS_ROOT}/Manifest.lock",
			);
			name = "[CP] Check Pods Manifest.lock";
			outputFileListPaths = (
			);
			outputPaths = (
				"$(DERIVED_FILE_DIR)/Pods-RNRoundedProgressBar-checkManifestLockResult.txt",
			);
			runOnlyForDeploymentPostprocessing = 0;
			shellPath = /bin/sh;
			shellScript = "diff \"${PODS_PODFILE_DIR_PATH}/Podfile.lock\" \"${PODS_ROOT}/Manifest.lock\" > /dev/null\nif [ $? != 0 ] ; then\n    # print error to STDERR\n    echo \"error: The sandbox is not in sync with the Podfile.lock. Run 'pod install' or update your CocoaPods installation.\" >&2\n    exit 1\nfi\n# This output is used by Xcode 'outputs' to avoid re-running this script phase.\necho \"SUCCESS\" > \"${SCRIPT_OUTPUT_FILE_0}\"\n";
			showEnvVarsInLog = 0;
		};
/* End PBXShellScriptBuildPhase section */

/* Begin PBXSourcesBuildPhase section */
		58B511D71A9E6C8500147676 /* Sources */ = {
			isa = PBXSourcesBuildPhase;
			buildActionMask = 2147483647;
			files = (
				A12A944A238B47D000AFFB5E /* RNRoundedProgressBarManager.swift in Sources */,
				B3E7B58A1CC2AC0600A0062D /* RNRoundedProgressBar.m in Sources */,
				A12A944C238B487400AFFB5E /* RoundedProgressBar.swift in Sources */,
			);
			runOnlyForDeploymentPostprocessing = 0;
		};
/* End PBXSourcesBuildPhase section */

/* Begin XCBuildConfiguration section */
		58B511ED1A9E6C8500147676 /* Debug */ = {
			isa = XCBuildConfiguration;
			buildSettings = {
				ALWAYS_SEARCH_USER_PATHS = NO;
				CLANG_CXX_LANGUAGE_STANDARD = "gnu++0x";
				CLANG_CXX_LIBRARY = "libc++";
				CLANG_ENABLE_MODULES = YES;
				CLANG_ENABLE_OBJC_ARC = YES;
				CLANG_WARN_BOOL_CONVERSION = YES;
				CLANG_WARN_CONSTANT_CONVERSION = YES;
				CLANG_WARN_DIRECT_OBJC_ISA_USAGE = YES_ERROR;
				CLANG_WARN_EMPTY_BODY = YES;
				CLANG_WARN_ENUM_CONVERSION = YES;
				CLANG_WARN_INFINITE_RECURSION = YES;
				CLANG_WARN_INT_CONVERSION = YES;
				CLANG_WARN_OBJC_ROOT_CLASS = YES_ERROR;
				CLANG_WARN_SUSPICIOUS_MOVE = YES;
				CLANG_WARN_UNREACHABLE_CODE = YES;
				CLANG_WARN__DUPLICATE_METHOD_MATCH = YES;
				COPY_PHASE_STRIP = NO;
				ENABLE_STRICT_OBJC_MSGSEND = YES;
				ENABLE_TESTABILITY = YES;
				GCC_C_LANGUAGE_STANDARD = gnu99;
				GCC_DYNAMIC_NO_PIC = NO;
				GCC_NO_COMMON_BLOCKS = YES;
				GCC_OPTIMIZATION_LEVEL = 0;
				GCC_PREPROCESSOR_DEFINITIONS = (
					"DEBUG=1",
					"$(inherited)",
				);
				GCC_SYMBOLS_PRIVATE_EXTERN = NO;
				GCC_WARN_64_TO_32_BIT_CONVERSION = YES;
				GCC_WARN_ABOUT_RETURN_TYPE = YES_ERROR;
				GCC_WARN_UNDECLARED_SELECTOR = YES;
				GCC_WARN_UNINITIALIZED_AUTOS = YES_AGGRESSIVE;
				GCC_WARN_UNUSED_FUNCTION = YES;
				GCC_WARN_UNUSED_VARIABLE = YES;
				IPHONEOS_DEPLOYMENT_TARGET = 8.0;
				MTL_ENABLE_DEBUG_INFO = YES;
				ONLY_ACTIVE_ARCH = YES;
				SDKROOT = iphoneos;
			};
			name = Debug;
		};
		58B511EE1A9E6C8500147676 /* Release */ = {
			isa = XCBuildConfiguration;
			buildSettings = {
				ALWAYS_SEARCH_USER_PATHS = NO;
				CLANG_CXX_LANGUAGE_STANDARD = "gnu++0x";
				CLANG_CXX_LIBRARY = "libc++";
				CLANG_ENABLE_MODULES = YES;
				CLANG_ENABLE_OBJC_ARC = YES;
				CLANG_WARN_BOOL_CONVERSION = YES;
				CLANG_WARN_CONSTANT_CONVERSION = YES;
				CLANG_WARN_DIRECT_OBJC_ISA_USAGE = YES_ERROR;
				CLANG_WARN_EMPTY_BODY = YES;
				CLANG_WARN_ENUM_CONVERSION = YES;
				CLANG_WARN_INFINITE_RECURSION = YES;
				CLANG_WARN_INT_CONVERSION = YES;
				CLANG_WARN_OBJC_ROOT_CLASS = YES_ERROR;
				CLANG_WARN_SUSPICIOUS_MOVE = YES;
				CLANG_WARN_UNREACHABLE_CODE = YES;
				CLANG_WARN__DUPLICATE_METHOD_MATCH = YES;
				COPY_PHASE_STRIP = YES;
				ENABLE_NS_ASSERTIONS = NO;
				ENABLE_STRICT_OBJC_MSGSEND = YES;
				GCC_C_LANGUAGE_STANDARD = gnu99;
				GCC_NO_COMMON_BLOCKS = YES;
				GCC_WARN_64_TO_32_BIT_CONVERSION = YES;
				GCC_WARN_ABOUT_RETURN_TYPE = YES_ERROR;
				GCC_WARN_UNDECLARED_SELECTOR = YES;
				GCC_WARN_UNINITIALIZED_AUTOS = YES_AGGRESSIVE;
				GCC_WARN_UNUSED_FUNCTION = YES;
				GCC_WARN_UNUSED_VARIABLE = YES;
				IPHONEOS_DEPLOYMENT_TARGET = 8.0;
				MTL_ENABLE_DEBUG_INFO = NO;
				SDKROOT = iphoneos;
				VALIDATE_PRODUCT = YES;
			};
			name = Release;
		};
		58B511F01A9E6C8500147676 /* Debug */ = {
			isa = XCBuildConfiguration;
			baseConfigurationReference = 960D345ABD5CEC65BC482EAD /* Pods-RNRoundedProgressBar.debug.xcconfig */;
			buildSettings = {
				CLANG_ENABLE_MODULES = YES;
				HEADER_SEARCH_PATHS = (
					"$(inherited)",
					/Applications/Xcode.app/Contents/Developer/Toolchains/XcodeDefault.xctoolchain/usr/include,
					"$(SRCROOT)/../../../React/**",
					"$(SRCROOT)/../../react-native/React/**",
				);
				LD_RUNPATH_SEARCH_PATHS = "$(inherited) @executable_path/Frameworks @loader_path/Frameworks";
				LIBRARY_SEARCH_PATHS = "$(inherited)";
				OTHER_LDFLAGS = "-ObjC";
				PRODUCT_NAME = RNRoundedProgressBar;
				SKIP_INSTALL = YES;
				SWIFT_OBJC_BRIDGING_HEADER = "RNRoundedProgressBar-Bridging-Header.h";
				SWIFT_OPTIMIZATION_LEVEL = "-Onone";
				SWIFT_VERSION = 5.0;
			};
			name = Debug;
		};
		58B511F11A9E6C8500147676 /* Release */ = {
			isa = XCBuildConfiguration;
			baseConfigurationReference = C8E20B0412E680B2B03FF728 /* Pods-RNRoundedProgressBar.release.xcconfig */;
			buildSettings = {
				CLANG_ENABLE_MODULES = YES;
				HEADER_SEARCH_PATHS = (
					"$(inherited)",
					/Applications/Xcode.app/Contents/Developer/Toolchains/XcodeDefault.xctoolchain/usr/include,
					"$(SRCROOT)/../../../React/**",
					"$(SRCROOT)/../../react-native/React/**",
				);
				LD_RUNPATH_SEARCH_PATHS = "$(inherited) @executable_path/Frameworks @loader_path/Frameworks";
				LIBRARY_SEARCH_PATHS = "$(inherited)";
				OTHER_LDFLAGS = "-ObjC";
				PRODUCT_NAME = RNRoundedProgressBar;
				SKIP_INSTALL = YES;
				SWIFT_OBJC_BRIDGING_HEADER = "RNRoundedProgressBar-Bridging-Header.h";
				SWIFT_VERSION = 5.0;
			};
			name = Release;
		};
/* End XCBuildConfiguration section */

/* Begin XCConfigurationList section */
		58B511D61A9E6C8500147676 /* Build configuration list for PBXProject "RNRoundedProgressBar" */ = {
			isa = XCConfigurationList;
			buildConfigurations = (
				58B511ED1A9E6C8500147676 /* Debug */,
				58B511EE1A9E6C8500147676 /* Release */,
			);
			defaultConfigurationIsVisible = 0;
			defaultConfigurationName = Release;
		};
		58B511EF1A9E6C8500147676 /* Build configuration list for PBXNativeTarget "RNRoundedProgressBar" */ = {
			isa = XCConfigurationList;
			buildConfigurations = (
				58B511F01A9E6C8500147676 /* Debug */,
				58B511F11A9E6C8500147676 /* Release */,
			);
			defaultConfigurationIsVisible = 0;
			defaultConfigurationName = Release;
		};
/* End XCConfigurationList section */
	};
	rootObject = 58B511D31A9E6C8500147676 /* Project object */;
}
